
Microsoft Visual Studio Solution File, Format Version 12.00
# Visual Studio Version 16
VisualStudioVersion = 16.0.31005.135
MinimumVisualStudioVersion = 10.0.40219.1
Project("{FAE04EC0-301F-11D3-BF4B-00C04F79EFBC}") = "LR1.2", "LR1.2.csproj", "{8AC7C6FB-5AED-4DB3-ADDA-8CFAE60D67E8}"
EndProject
Global
	GlobalSection(SolutionConfigurationPlatforms) = preSolution
		Debug|Any CPU = Debug|Any CPU
		Release|Any CPU = Release|Any CPU
	EndGlobalSection
	GlobalSection(ProjectConfigurationPlatforms) = postSolution
		{8AC7C6FB-5AED-4DB3-ADDA-8CFAE60D67E8}.Debug|Any CPU.ActiveCfg = Debug|Any CPU
		{8AC7C6FB-5AED-4DB3-ADDA-8CFAE60D67E8}.Debug|Any CPU.Build.0 = Debug|Any CPU
		{8AC7C6FB-5AED-4DB3-ADDA-8CFAE60D67E8}.Release|Any CPU.ActiveCfg = Release|Any CPU
		{8AC7C6FB-5AED-4DB3-ADDA-8CFAE60D67E8}.Release|Any CPU.Build.0 = Release|Any CPU
	EndGlobalSection
	GlobalSection(SolutionProperties) = preSolution
		HideSolutionNode = FALSE
	EndGlobalSection
	GlobalSection(ExtensibilityGlobals) = postSolution
		SolutionGuid = {3B768FBA-B160-47D9-9776-A0333DBF1F1C}
	EndGlobalSection
EndGlobal
